// !$*UTF8*$!
{
	archiveVersion = 1;
	classes = {
	};
	objectVersion = 46;
	objects = {

/* Begin PBXBuildFile section */
		CC1829E21C01E7B700BC58CA /* main.m in Sources */ = {isa = PBXBuildFile; fileRef = CC1829E11C01E7B700BC58CA /* main.m */; };
		CC1829E51C01E7B700BC58CA /* AppDelegate.m in Sources */ = {isa = PBXBuildFile; fileRef = CC1829E41C01E7B700BC58CA /* AppDelegate.m */; };
		CC1829E81C01E7B700BC58CA /* ViewController.m in Sources */ = {isa = PBXBuildFile; fileRef = CC1829E71C01E7B700BC58CA /* ViewController.m */; };
		CC1829EB1C01E7B700BC58CA /* Main.storyboard in Resources */ = {isa = PBXBuildFile; fileRef = CC1829E91C01E7B700BC58CA /* Main.storyboard */; };
		CC1829ED1C01E7B700BC58CA /* Assets.xcassets in Resources */ = {isa = PBXBuildFile; fileRef = CC1829EC1C01E7B700BC58CA /* Assets.xcassets */; };
		CC1829F01C01E7B700BC58CA /* LaunchScreen.storyboard in Resources */ = {isa = PBXBuildFile; fileRef = CC1829EE1C01E7B700BC58CA /* LaunchScreen.storyboard */; };
		CCA5896D1C01EFC400A9F4AF /* DKRoundedRectButton.m in Sources */ = {isa = PBXBuildFile; fileRef = CC1829B81C01E6E300BC58CA /* DKRoundedRectButton.m */; };
		CCA5896E1C01F06E00A9F4AF /* DKRoundedRectButton.framework in Frameworks */ = {isa = PBXBuildFile; fileRef = CCA589651C01EFB300A9F4AF /* DKRoundedRectButton.framework */; };
		CCA589731C01F21A00A9F4AF /* DKRoundedRectButton.h in Headers */ = {isa = PBXBuildFile; fileRef = CC1829B61C01E6E300BC58CA /* DKRoundedRectButton.h */; settings = {ATTRIBUTES = (Public, ); }; };
/* End PBXBuildFile section */

/* Begin PBXContainerItemProxy section */
		CCA589711C01F16700A9F4AF /* PBXContainerItemProxy */ = {
			isa = PBXContainerItemProxy;
			containerPortal = CC1829AB1C01E6E300BC58CA /* Project object */;
			proxyType = 1;
			remoteGlobalIDString = CCA589641C01EFB300A9F4AF;
			remoteInfo = DKRoundedRectButton;
		};
/* End PBXContainerItemProxy section */

/* Begin PBXFileReference section */
		CC1829B61C01E6E300BC58CA /* DKRoundedRectButton.h */ = {isa = PBXFileReference; lastKnownFileType = sourcecode.c.h; path = DKRoundedRectButton.h; sourceTree = "<group>"; };
		CC1829B81C01E6E300BC58CA /* DKRoundedRectButton.m */ = {isa = PBXFileReference; lastKnownFileType = sourcecode.c.objc; path = DKRoundedRectButton.m; sourceTree = "<group>"; };
		CC1829DE1C01E7B700BC58CA /* DKRoundedRectButtonDemo.app */ = {isa = PBXFileReference; explicitFileType = wrapper.application; includeInIndex = 0; path = DKRoundedRectButtonDemo.app; sourceTree = BUILT_PRODUCTS_DIR; };
		CC1829E11C01E7B700BC58CA /* main.m */ = {isa = PBXFileReference; lastKnownFileType = sourcecode.c.objc; path = main.m; sourceTree = "<group>"; };
		CC1829E31C01E7B700BC58CA /* AppDelegate.h */ = {isa = PBXFileReference; lastKnownFileType = sourcecode.c.h; path = AppDelegate.h; sourceTree = "<group>"; };
		CC1829E41C01E7B700BC58CA /* AppDelegate.m */ = {isa = PBXFileReference; lastKnownFileType = sourcecode.c.objc; path = AppDelegate.m; sourceTree = "<group>"; };
		CC1829E61C01E7B700BC58CA /* ViewController.h */ = {isa = PBXFileReference; lastKnownFileType = sourcecode.c.h; path = ViewController.h; sourceTree = "<group>"; };
		CC1829E71C01E7B700BC58CA /* ViewController.m */ = {isa = PBXFileReference; lastKnownFileType = sourcecode.c.objc; path = ViewController.m; sourceTree = "<group>"; };
		CC1829EA1C01E7B700BC58CA /* Base */ = {isa = PBXFileReference; lastKnownFileType = file.storyboard; name = Base; path = Base.lproj/Main.storyboard; sourceTree = "<group>"; };
		CC1829EC1C01E7B700BC58CA /* Assets.xcassets */ = {isa = PBXFileReference; lastKnownFileType = folder.assetcatalog; path = Assets.xcassets; sourceTree = "<group>"; };
		CC1829EF1C01E7B700BC58CA /* Base */ = {isa = PBXFileReference; lastKnownFileType = file.storyboard; name = Base; path = Base.lproj/LaunchScreen.storyboard; sourceTree = "<group>"; };
		CC1829F11C01E7B700BC58CA /* Info.plist */ = {isa = PBXFileReference; lastKnownFileType = text.plist.xml; path = Info.plist; sourceTree = "<group>"; };
		CCA589651C01EFB300A9F4AF /* DKRoundedRectButton.framework */ = {isa = PBXFileReference; explicitFileType = wrapper.framework; includeInIndex = 0; path = DKRoundedRectButton.framework; sourceTree = BUILT_PRODUCTS_DIR; };
		CCA589691C01EFB300A9F4AF /* Info.plist */ = {isa = PBXFileReference; lastKnownFileType = text.plist.xml; path = Info.plist; sourceTree = "<group>"; };
/* End PBXFileReference section */

/* Begin PBXFrameworksBuildPhase section */
		CC1829DB1C01E7B700BC58CA /* Frameworks */ = {
			isa = PBXFrameworksBuildPhase;
			buildActionMask = 2147483647;
			files = (
				CCA5896E1C01F06E00A9F4AF /* DKRoundedRectButton.framework in Frameworks */,
			);
			runOnlyForDeploymentPostprocessing = 0;
		};
		CCA589611C01EFB300A9F4AF /* Frameworks */ = {
			isa = PBXFrameworksBuildPhase;
			buildActionMask = 2147483647;
			files = (
			);
			runOnlyForDeploymentPostprocessing = 0;
		};
/* End PBXFrameworksBuildPhase section */

/* Begin PBXGroup section */
		CC1829AA1C01E6E300BC58CA = {
			isa = PBXGroup;
			children = (
				CC1829B51C01E6E300BC58CA /* DKRoundedRectButton */,
				CC1829DF1C01E7B700BC58CA /* DKRoundedRectButtonDemo */,
				CC1829B41C01E6E300BC58CA /* Products */,
			);
			sourceTree = "<group>";
		};
		CC1829B41C01E6E300BC58CA /* Products */ = {
			isa = PBXGroup;
			children = (
				CC1829DE1C01E7B700BC58CA /* DKRoundedRectButtonDemo.app */,
				CCA589651C01EFB300A9F4AF /* DKRoundedRectButton.framework */,
			);
			name = Products;
			sourceTree = "<group>";
		};
		CC1829B51C01E6E300BC58CA /* DKRoundedRectButton */ = {
			isa = PBXGroup;
			children = (
				CC1829B61C01E6E300BC58CA /* DKRoundedRectButton.h */,
				CC1829B81C01E6E300BC58CA /* DKRoundedRectButton.m */,
				CCA5896F1C01F11D00A9F4AF /* Supporting Files */,
			);
			path = DKRoundedRectButton;
			sourceTree = "<group>";
		};
		CC1829DF1C01E7B700BC58CA /* DKRoundedRectButtonDemo */ = {
			isa = PBXGroup;
			children = (
				CC1829E31C01E7B700BC58CA /* AppDelegate.h */,
				CC1829E41C01E7B700BC58CA /* AppDelegate.m */,
				CC1829E61C01E7B700BC58CA /* ViewController.h */,
				CC1829E71C01E7B700BC58CA /* ViewController.m */,
				CC1829E91C01E7B700BC58CA /* Main.storyboard */,
				CC1829EC1C01E7B700BC58CA /* Assets.xcassets */,
				CC1829EE1C01E7B700BC58CA /* LaunchScreen.storyboard */,
				CC1829E01C01E7B700BC58CA /* Supporting Files */,
			);
			path = DKRoundedRectButtonDemo;
			sourceTree = "<group>";
		};
		CC1829E01C01E7B700BC58CA /* Supporting Files */ = {
			isa = PBXGroup;
			children = (
				CC1829F11C01E7B700BC58CA /* Info.plist */,
				CC1829E11C01E7B700BC58CA /* main.m */,
			);
			name = "Supporting Files";
			sourceTree = "<group>";
		};
		CCA5896F1C01F11D00A9F4AF /* Supporting Files */ = {
			isa = PBXGroup;
			children = (
				CCA589691C01EFB300A9F4AF /* Info.plist */,
			);
			name = "Supporting Files";
			sourceTree = "<group>";
		};
/* End PBXGroup section */

/* Begin PBXHeadersBuildPhase section */
		CCA589621C01EFB300A9F4AF /* Headers */ = {
			isa = PBXHeadersBuildPhase;
			buildActionMask = 2147483647;
			files = (
				CCA589731C01F21A00A9F4AF /* DKRoundedRectButton.h in Headers */,
			);
			runOnlyForDeploymentPostprocessing = 0;
		};
/* End PBXHeadersBuildPhase section */

/* Begin PBXNativeTarget section */
		CC1829DD1C01E7B700BC58CA /* DKRoundedRectButtonDemo */ = {
			isa = PBXNativeTarget;
			buildConfigurationList = CC1829F21C01E7B700BC58CA /* Build configuration list for PBXNativeTarget "DKRoundedRectButtonDemo" */;
			buildPhases = (
				CC1829DA1C01E7B700BC58CA /* Sources */,
				CC1829DB1C01E7B700BC58CA /* Frameworks */,
				CC1829DC1C01E7B700BC58CA /* Resources */,
			);
			buildRules = (
			);
			dependencies = (
				CCA589721C01F16700A9F4AF /* PBXTargetDependency */,
			);
			name = DKRoundedRectButtonDemo;
			productName = DKRoundedRectButtonDemo;
			productReference = CC1829DE1C01E7B700BC58CA /* DKRoundedRectButtonDemo.app */;
			productType = "com.apple.product-type.application";
		};
		CCA589641C01EFB300A9F4AF /* DKRoundedRectButton */ = {
			isa = PBXNativeTarget;
			buildConfigurationList = CCA5896A1C01EFB300A9F4AF /* Build configuration list for PBXNativeTarget "DKRoundedRectButton" */;
			buildPhases = (
				CCA589601C01EFB300A9F4AF /* Sources */,
				CCA589611C01EFB300A9F4AF /* Frameworks */,
				CCA589621C01EFB300A9F4AF /* Headers */,
				CCA589631C01EFB300A9F4AF /* Resources */,
			);
			buildRules = (
			);
			dependencies = (
			);
			name = DKRoundedRectButton;
			productName = DKRoundedRectButton;
			productReference = CCA589651C01EFB300A9F4AF /* DKRoundedRectButton.framework */;
			productType = "com.apple.product-type.framework";
		};
/* End PBXNativeTarget section */

/* Begin PBXProject section */
		CC1829AB1C01E6E300BC58CA /* Project object */ = {
			isa = PBXProject;
			attributes = {
				LastUpgradeCheck = 0710;
				ORGANIZATIONNAME = "Daniil Konoplev";
				TargetAttributes = {
					CC1829DD1C01E7B700BC58CA = {
						CreatedOnToolsVersion = 7.1.1;
					};
					CCA589641C01EFB300A9F4AF = {
						CreatedOnToolsVersion = 7.1.1;
					};
				};
			};
			buildConfigurationList = CC1829AE1C01E6E300BC58CA /* Build configuration list for PBXProject "DKRoundedRectButton" */;
			compatibilityVersion = "Xcode 3.2";
			developmentRegion = English;
			hasScannedForEncodings = 0;
			knownRegions = (
				en,
				Base,
			);
			mainGroup = CC1829AA1C01E6E300BC58CA;
			productRefGroup = CC1829B41C01E6E300BC58CA /* Products */;
			projectDirPath = "";
			projectRoot = "";
			targets = (
				CCA589641C01EFB300A9F4AF /* DKRoundedRectButton */,
				CC1829DD1C01E7B700BC58CA /* DKRoundedRectButtonDemo */,
			);
		};
/* End PBXProject section */

/* Begin PBXResourcesBuildPhase section */
		CC1829DC1C01E7B700BC58CA /* Resources */ = {
			isa = PBXResourcesBuildPhase;
			buildActionMask = 2147483647;
			files = (
				CC1829F01C01E7B700BC58CA /* LaunchScreen.storyboard in Resources */,
				CC1829ED1C01E7B700BC58CA /* Assets.xcassets in Resources */,
				CC1829EB1C01E7B700BC58CA /* Main.storyboard in Resources */,
			);
			runOnlyForDeploymentPostprocessing = 0;
		};
		CCA589631C01EFB300A9F4AF /* Resources */ = {
			isa = PBXResourcesBuildPhase;
			buildActionMask = 2147483647;
			files = (
			);
			runOnlyForDeploymentPostprocessing = 0;
		};
/* End PBXResourcesBuildPhase section */

/* Begin PBXSourcesBuildPhase section */
		CC1829DA1C01E7B700BC58CA /* Sources */ = {
			isa = PBXSourcesBuildPhase;
			buildActionMask = 2147483647;
			files = (
				CC1829E81C01E7B700BC58CA /* ViewController.m in Sources */,
				CC1829E51C01E7B700BC58CA /* AppDelegate.m in Sources */,
				CC1829E21C01E7B700BC58CA /* main.m in Sources */,
			);
			runOnlyForDeploymentPostprocessing = 0;
		};
		CCA589601C01EFB300A9F4AF /* Sources */ = {
			isa = PBXSourcesBuildPhase;
			buildActionMask = 2147483647;
			files = (
				CCA5896D1C01EFC400A9F4AF /* DKRoundedRectButton.m in Sources */,
			);
			runOnlyForDeploymentPostprocessing = 0;
		};
/* End PBXSourcesBuildPhase section */

/* Begin PBXTargetDependency section */
		CCA589721C01F16700A9F4AF /* PBXTargetDependency */ = {
			isa = PBXTargetDependency;
			target = CCA589641C01EFB300A9F4AF /* DKRoundedRectButton */;
			targetProxy = CCA589711C01F16700A9F4AF /* PBXContainerItemProxy */;
		};
/* End PBXTargetDependency section */

/* Begin PBXVariantGroup section */
		CC1829E91C01E7B700BC58CA /* Main.storyboard */ = {
			isa = PBXVariantGroup;
			children = (
				CC1829EA1C01E7B700BC58CA /* Base */,
			);
			name = Main.storyboard;
			sourceTree = "<group>";
		};
		CC1829EE1C01E7B700BC58CA /* LaunchScreen.storyboard */ = {
			isa = PBXVariantGroup;
			children = (
				CC1829EF1C01E7B700BC58CA /* Base */,
			);
			name = LaunchScreen.storyboard;
			sourceTree = "<group>";
		};
/* End PBXVariantGroup section */

/* Begin XCBuildConfiguration section */
		CC1829BA1C01E6E300BC58CA /* Debug */ = {
			isa = XCBuildConfiguration;
			buildSettings = {
				ALWAYS_SEARCH_USER_PATHS = NO;
				CLANG_CXX_LANGUAGE_STANDARD = "gnu++0x";
				CLANG_CXX_LIBRARY = "libc++";
				CLANG_ENABLE_MODULES = YES;
				CLANG_ENABLE_OBJC_ARC = YES;
				CLANG_WARN_BOOL_CONVERSION = YES;
				CLANG_WARN_CONSTANT_CONVERSION = YES;
				CLANG_WARN_DIRECT_OBJC_ISA_USAGE = YES_ERROR;
				CLANG_WARN_EMPTY_BODY = YES;
				CLANG_WARN_ENUM_CONVERSION = YES;
				CLANG_WARN_INT_CONVERSION = YES;
				CLANG_WARN_OBJC_ROOT_CLASS = YES_ERROR;
				CLANG_WARN_UNREACHABLE_CODE = YES;
				CLANG_WARN__DUPLICATE_METHOD_MATCH = YES;
				"CODE_SIGN_IDENTITY[sdk=iphoneos*]" = "iPhone Developer";
				COPY_PHASE_STRIP = NO;
				DEBUG_INFORMATION_FORMAT = dwarf;
				ENABLE_STRICT_OBJC_MSGSEND = YES;
				ENABLE_TESTABILITY = YES;
				GCC_C_LANGUAGE_STANDARD = gnu99;
				GCC_DYNAMIC_NO_PIC = NO;
				GCC_NO_COMMON_BLOCKS = YES;
				GCC_OPTIMIZATION_LEVEL = 0;
				GCC_PREPROCESSOR_DEFINITIONS = (
					"DEBUG=1",
					"$(inherited)",
				);
				GCC_WARN_64_TO_32_BIT_CONVERSION = YES;
				GCC_WARN_ABOUT_RETURN_TYPE = YES_ERROR;
				GCC_WARN_UNDECLARED_SELECTOR = YES;
				GCC_WARN_UNINITIALIZED_AUTOS = YES_AGGRESSIVE;
				GCC_WARN_UNUSED_FUNCTION = YES;
				GCC_WARN_UNUSED_VARIABLE = YES;
				IPHONEOS_DEPLOYMENT_TARGET = 8.0;
				MTL_ENABLE_DEBUG_INFO = YES;
				ONLY_ACTIVE_ARCH = YES;
				SDKROOT = iphoneos;
			};
			name = Debug;
		};
		CC1829BB1C01E6E300BC58CA /* Release */ = {
			isa = XCBuildConfiguration;
			buildSettings = {
				ALWAYS_SEARCH_USER_PATHS = NO;
				CLANG_CXX_LANGUAGE_STANDARD = "gnu++0x";
				CLANG_CXX_LIBRARY = "libc++";
				CLANG_ENABLE_MODULES = YES;
				CLANG_ENABLE_OBJC_ARC = YES;
				CLANG_WARN_BOOL_CONVERSION = YES;
				CLANG_WARN_CONSTANT_CONVERSION = YES;
				CLANG_WARN_DIRECT_OBJC_ISA_USAGE = YES_ERROR;
				CLANG_WARN_EMPTY_BODY = YES;
				CLANG_WARN_ENUM_CONVERSION = YES;
				CLANG_WARN_INT_CONVERSION = YES;
				CLANG_WARN_OBJC_ROOT_CLASS = YES_ERROR;
				CLANG_WARN_UNREACHABLE_CODE = YES;
				CLANG_WARN__DUPLICATE_METHOD_MATCH = YES;
				"CODE_SIGN_IDENTITY[sdk=iphoneos*]" = "iPhone Developer";
				COPY_PHASE_STRIP = NO;
				DEBUG_INFORMATION_FORMAT = "dwarf-with-dsym";
				ENABLE_NS_ASSERTIONS = NO;
				ENABLE_STRICT_OBJC_MSGSEND = YES;
				GCC_C_LANGUAGE_STANDARD = gnu99;
				GCC_NO_COMMON_BLOCKS = YES;
				GCC_WARN_64_TO_32_BIT_CONVERSION = YES;
				GCC_WARN_ABOUT_RETURN_TYPE = YES_ERROR;
				GCC_WARN_UNDECLARED_SELECTOR = YES;
				GCC_WARN_UNINITIALIZED_AUTOS = YES_AGGRESSIVE;
				GCC_WARN_UNUSED_FUNCTION = YES;
				GCC_WARN_UNUSED_VARIABLE = YES;
				IPHONEOS_DEPLOYMENT_TARGET = 8.0;
				MTL_ENABLE_DEBUG_INFO = NO;
				SDKROOT = iphoneos;
				VALIDATE_PRODUCT = YES;
			};
			name = Release;
		};
		CC1829F31C01E7B700BC58CA /* Debug */ = {
			isa = XCBuildConfiguration;
			buildSettings = {
				ASSETCATALOG_COMPILER_APPICON_NAME = AppIcon;
				INFOPLIST_FILE = DKRoundedRectButtonDemo/Info.plist;
				IPHONEOS_DEPLOYMENT_TARGET = 8.0;
				LD_RUNPATH_SEARCH_PATHS = "$(inherited) @executable_path/Frameworks";
				PRODUCT_BUNDLE_IDENTIFIER = com.danchoys.DKRoundedRectButtonDemo;
				PRODUCT_NAME = "$(TARGET_NAME)";
			};
			name = Debug;
		};
		CC1829F41C01E7B700BC58CA /* Release */ = {
			isa = XCBuildConfiguration;
			buildSettings = {
				ASSETCATALOG_COMPILER_APPICON_NAME = AppIcon;
				INFOPLIST_FILE = DKRoundedRectButtonDemo/Info.plist;
				IPHONEOS_DEPLOYMENT_TARGET = 8.0;
				LD_RUNPATH_SEARCH_PATHS = "$(inherited) @executable_path/Frameworks";
				PRODUCT_BUNDLE_IDENTIFIER = com.danchoys.DKRoundedRectButtonDemo;
				PRODUCT_NAME = "$(TARGET_NAME)";
			};
			name = Release;
		};
		CCA5896B1C01EFB300A9F4AF /* Debug */ = {
			isa = XCBuildConfiguration;
			buildSettings = {
				CLANG_ENABLE_MODULES = YES;
				CURRENT_PROJECT_VERSION = 1;
				DEFINES_MODULE = YES;
				DYLIB_COMPATIBILITY_VERSION = 1;
				DYLIB_CURRENT_VERSION = 1;
				DYLIB_INSTALL_NAME_BASE = "@rpath";
				INFOPLIST_FILE = DKRoundedRectButton/Info.plist;
				INSTALL_PATH = "$(LOCAL_LIBRARY_DIR)/Frameworks";
				IPHONEOS_DEPLOYMENT_TARGET = 8.0;
				LD_RUNPATH_SEARCH_PATHS = "$(inherited) @executable_path/Frameworks @loader_path/Frameworks";
				PRODUCT_BUNDLE_IDENTIFIER = com.danchoys.DKRoundedRectButton;
				PRODUCT_NAME = "$(TARGET_NAME)";
				SKIP_INSTALL = YES;
				SWIFT_OPTIMIZATION_LEVEL = "-Onone";
				TARGETED_DEVICE_FAMILY = "1,2";
				VERSIONING_SYSTEM = "apple-generic";
				VERSION_INFO_PREFIX = "";
			};
			name = Debug;
		};
		CCA5896C1C01EFB300A9F4AF /* Release */ = {
			isa = XCBuildConfiguration;
			buildSettings = {
				CLANG_ENABLE_MODULES = YES;
				CURRENT_PROJECT_VERSION = 1;
				DEFINES_MODULE = YES;
				DYLIB_COMPATIBILITY_VERSION = 1;
				DYLIB_CURRENT_VERSION = 1;
				DYLIB_INSTALL_NAME_BASE = "@rpath";
				INFOPLIST_FILE = DKRoundedRectButton/Info.plist;
				INSTALL_PATH = "$(LOCAL_LIBRARY_DIR)/Frameworks";
				IPHONEOS_DEPLOYMENT_TARGET = 8.0;
				LD_RUNPATH_SEARCH_PATHS = "$(inherited) @executable_path/Frameworks @loader_path/Frameworks";
				PRODUCT_BUNDLE_IDENTIFIER = com.danchoys.DKRoundedRectButton;
				PRODUCT_NAME = "$(TARGET_NAME)";
				SKIP_INSTALL = YES;
				TARGETED_DEVICE_FAMILY = "1,2";
				VERSIONING_SYSTEM = "apple-generic";
				VERSION_INFO_PREFIX = "";
			};
			name = Release;
		};
/* End XCBuildConfiguration section */

/* Begin XCConfigurationList section */
		CC1829AE1C01E6E300BC58CA /* Build configuration list for PBXProject "DKRoundedRectButton" */ = {
			isa = XCConfigurationList;
			buildConfigurations = (
				CC1829BA1C01E6E300BC58CA /* Debug */,
				CC1829BB1C01E6E300BC58CA /* Release */,
			);
			defaultConfigurationIsVisible = 0;
			defaultConfigurationName = Release;
		};
		CC1829F21C01E7B700BC58CA /* Build configuration list for PBXNativeTarget "DKRoundedRectButtonDemo" */ = {
			isa = XCConfigurationList;
			buildConfigurations = (
				CC1829F31C01E7B700BC58CA /* Debug */,
				CC1829F41C01E7B700BC58CA /* Release */,
			);
			defaultConfigurationIsVisible = 0;
			defaultConfigurationName = Release;
		};
		CCA5896A1C01EFB300A9F4AF /* Build configuration list for PBXNativeTarget "DKRoundedRectButton" */ = {
			isa = XCConfigurationList;
			buildConfigurations = (
				CCA5896B1C01EFB300A9F4AF /* Debug */,
				CCA5896C1C01EFB300A9F4AF /* Release */,
			);
			defaultConfigurationIsVisible = 0;
			defaultConfigurationName = Release;
		};
/* End XCConfigurationList section */
	};
	rootObject = CC1829AB1C01E6E300BC58CA /* Project object */;
}
